{
    "_readme": [
        "This file locks the dependencies of your project to a known state",
        "Read more about it at https://getcomposer.org/doc/01-basic-usage.md#installing-dependencies",
        "This file is @generated automatically"
    ],
    "content-hash": "8823ce3581438d80547f91e78052b962",
    "packages": [
        {
            "name": "danloughmiller/effective-data-model",
            "version": "dev-master",
            "source": {
                "type": "git",
                "url": "https://github.com/danloughmiller/effective-data-model.git",
                "reference": "766088ebc0bc63875026f77a0f78652a277639ad"
            },
            "dist": {
                "type": "zip",
                "url": "https://api.github.com/repos/danloughmiller/effective-data-model/zipball/766088ebc0bc63875026f77a0f78652a277639ad",
                "reference": "766088ebc0bc63875026f77a0f78652a277639ad",
                "shasum": ""
            },
            "type": "library",
            "autoload": {
                "files": [
                    "src/edm.php"
                ]
            },
            "support": {
                "source": "https://github.com/danloughmiller/effective-data-model/tree/master",
                "issues": "https://github.com/danloughmiller/effective-data-model/issues"
            },
            "time": "2020-05-04T22:28:32+00:00"
        }
    ],
    "packages-dev": [],
    "aliases": [],
    "minimum-stability": "stable",
    "stability-flags": {
        "danloughmiller/effective-data-model": 20
    },
    "prefer-stable": false,
    "prefer-lowest": false,
    "platform": [],
    "platform-dev": [],
    "plugin-api-version": "1.1.0"
}
